Microsoft Visual Studio Solution File, Format Version 12.00
# Visual Studio Version 17
VisualStudioVersion = 17.5.2.0
MinimumVisualStudioVersion = 10.0.40219.1
Project("{FAE04EC0-301F-11D3-BF4B-00C04F79EFBC}") = "RestaurantsByMe", "RestaurantsByMe.csproj", "{A17F0C03-7AD4-CA8C-BB97-E70CB1B02EE3}"
EndProject
Global
	GlobalSection(SolutionConfigurationPlatforms) = preSolution
		Debug|Any CPU = Debug|Any CPU
		Release|Any CPU = Release|Any CPU
	EndGlobalSection
	GlobalSection(ProjectConfigurationPlatforms) = postSolution
		{A17F0C03-7AD4-CA8C-BB97-E70CB1B02EE3}.Debug|Any CPU.ActiveCfg = Debug|Any CPU
		{A17F0C03-7AD4-CA8C-BB97-E70CB1B02EE3}.Debug|Any CPU.Build.0 = Debug|Any CPU
		{A17F0C03-7AD4-CA8C-BB97-E70CB1B02EE3}.Release|Any CPU.ActiveCfg = Release|Any CPU
		{A17F0C03-7AD4-CA8C-BB97-E70CB1B02EE3}.Release|Any CPU.Build.0 = Release|Any CPU
	EndGlobalSection
	GlobalSection(SolutionProperties) = preSolution
		HideSolutionNode = FALSE
	EndGlobalSection
	GlobalSection(ExtensibilityGlobals) = postSolution
		SolutionGuid = {D5CF98C7-5D90-4CA6-B5D4-AD54B3B302DE}
	EndGlobalSection
EndGlobal
